// !$*UTF8*$!
{
	archiveVersion = 1;
	classes = {
	};
	objectVersion = 50;
	objects = {

/* Begin PBXBuildFile section */
		640A3B07260BC6C30017F26D /* AppDelegate.swift in Sources */ = {isa = PBXBuildFile; fileRef = 640A3B06260BC6C30017F26D /* AppDelegate.swift */; };
		640A3B09260BC6C30017F26D /* SceneDelegate.swift in Sources */ = {isa = PBXBuildFile; fileRef = 640A3B08260BC6C30017F26D /* SceneDelegate.swift */; };
		640A3B0B260BC6C30017F26D /* ViewController.swift in Sources */ = {isa = PBXBuildFile; fileRef = 640A3B0A260BC6C30017F26D /* ViewController.swift */; };
		640A3B0E260BC6C30017F26D /* Main.storyboard in Resources */ = {isa = PBXBuildFile; fileRef = 640A3B0C260BC6C30017F26D /* Main.storyboard */; };
		640A3B10260BC6C40017F26D /* Assets.xcassets in Resources */ = {isa = PBXBuildFile; fileRef = 640A3B0F260BC6C40017F26D /* Assets.xcassets */; };
		640A3B13260BC6C40017F26D /* LaunchScreen.storyboard in Resources */ = {isa = PBXBuildFile; fileRef = 640A3B11260BC6C40017F26D /* LaunchScreen.storyboard */; };
		640A3B1E260BC6C40017F26D /* PreworkTests.swift in Sources */ = {isa = PBXBuildFile; fileRef = 640A3B1D260BC6C40017F26D /* PreworkTests.swift */; };
		640A3B29260BC6C40017F26D /* PreworkUITests.swift in Sources */ = {isa = PBXBuildFile; fileRef = 640A3B28260BC6C40017F26D /* PreworkUITests.swift */; };
/* End PBXBuildFile section */

/* Begin PBXContainerItemProxy section */
		640A3B1A260BC6C40017F26D /* PBXContainerItemProxy */ = {
			isa = PBXContainerItemProxy;
			containerPortal = 640A3AFB260BC6C30017F26D /* Project object */;
			proxyType = 1;
			remoteGlobalIDString = 640A3B02260BC6C30017F26D;
			remoteInfo = Prework;
		};
		640A3B25260BC6C40017F26D /* PBXContainerItemProxy */ = {
			isa = PBXContainerItemProxy;
			containerPortal = 640A3AFB260BC6C30017F26D /* Project object */;
			proxyType = 1;
			remoteGlobalIDString = 640A3B02260BC6C30017F26D;
			remoteInfo = Prework;
		};
/* End PBXContainerItemProxy section */

/* Begin PBXFileReference section */
		640A3B03260BC6C30017F26D /* Prework.app */ = {isa = PBXFileReference; explicitFileType = wrapper.application; includeInIndex = 0; path = Prework.app; sourceTree = BUILT_PRODUCTS_DIR; };
		640A3B06260BC6C30017F26D /* AppDelegate.swift */ = {isa = PBXFileReference; lastKnownFileType = sourcecode.swift; path = AppDelegate.swift; sourceTree = "<group>"; };
		640A3B08260BC6C30017F26D /* SceneDelegate.swift */ = {isa = PBXFileReference; lastKnownFileType = sourcecode.swift; path = SceneDelegate.swift; sourceTree = "<group>"; };
		640A3B0A260BC6C30017F26D /* ViewController.swift */ = {isa = PBXFileReference; lastKnownFileType = sourcecode.swift; path = ViewController.swift; sourceTree = "<group>"; };
		640A3B0D260BC6C30017F26D /* Base */ = {isa = PBXFileReference; lastKnownFileType = file.storyboard; name = Base; path = Base.lproj/Main.storyboard; sourceTree = "<group>"; };
		640A3B0F260BC6C40017F26D /* Assets.xcassets */ = {isa = PBXFileReference; lastKnownFileType = folder.assetcatalog; path = Assets.xcassets; sourceTree = "<group>"; };
		640A3B12260BC6C40017F26D /* Base */ = {isa = PBXFileReference; lastKnownFileType = file.storyboard; name = Base; path = Base.lproj/LaunchScreen.storyboard; sourceTree = "<group>"; };
		640A3B14260BC6C40017F26D /* Info.plist */ = {isa = PBXFileReference; lastKnownFileType = text.plist.xml; path = Info.plist; sourceTree = "<group>"; };
		640A3B19260BC6C40017F26D /* PreworkTests.xctest */ = {isa = PBXFileReference; explicitFileType = wrapper.cfbundle; includeInIndex = 0; path = PreworkTests.xctest; sourceTree = BUILT_PRODUCTS_DIR; };
		640A3B1D260BC6C40017F26D /* PreworkTests.swift */ = {isa = PBXFileReference; lastKnownFileType = sourcecode.swift; path = PreworkTests.swift; sourceTree = "<group>"; };
		640A3B1F260BC6C40017F26D /* Info.plist */ = {isa = PBXFileReference; lastKnownFileType = text.plist.xml; path = Info.plist; sourceTree = "<group>"; };
		640A3B24260BC6C40017F26D /* PreworkUITests.xctest */ = {isa = PBXFileReference; explicitFileType = wrapper.cfbundle; includeInIndex = 0; path = PreworkUITests.xctest; sourceTree = BUILT_PRODUCTS_DIR; };
		640A3B28260BC6C40017F26D /* PreworkUITests.swift */ = {isa = PBXFileReference; lastKnownFileType = sourcecode.swift; path = PreworkUITests.swift; sourceTree = "<group>"; };
		640A3B2A260BC6C40017F26D /* Info.plist */ = {isa = PBXFileReference; lastKnownFileType = text.plist.xml; path = Info.plist; sourceTree = "<group>"; };
/* End PBXFileReference section */

/* Begin PBXFrameworksBuildPhase section */
		640A3B00260BC6C30017F26D /* Frameworks */ = {
			isa = PBXFrameworksBuildPhase;
			buildActionMask = 2147483647;
			files = (
			);
			runOnlyForDeploymentPostprocessing = 0;
		};
		640A3B16260BC6C40017F26D /* Frameworks */ = {
			isa = PBXFrameworksBuildPhase;
			buildActionMask = 2147483647;
			files = (
			);
			runOnlyForDeploymentPostprocessing = 0;
		};
		640A3B21260BC6C40017F26D /* Frameworks */ = {
			isa = PBXFrameworksBuildPhase;
			buildActionMask = 2147483647;
			files = (
			);
			runOnlyForDeploymentPostprocessing = 0;
		};
/* End PBXFrameworksBuildPhase section */

/* Begin PBXGroup section */
		640A3AFA260BC6C30017F26D = {
			isa = PBXGroup;
			children = (
				640A3B05260BC6C30017F26D /* Prework */,
				640A3B1C260BC6C40017F26D /* PreworkTests */,
				640A3B27260BC6C40017F26D /* PreworkUITests */,
				640A3B04260BC6C30017F26D /* Products */,
			);
			sourceTree = "<group>";
		};
		640A3B04260BC6C30017F26D /* Products */ = {
			isa = PBXGroup;
			children = (
				640A3B03260BC6C30017F26D /* Prework.app */,
				640A3B19260BC6C40017F26D /* PreworkTests.xctest */,
				640A3B24260BC6C40017F26D /* PreworkUITests.xctest */,
			);
			name = Products;
			sourceTree = "<group>";
		};
		640A3B05260BC6C30017F26D /* Prework */ = {
			isa = PBXGroup;
			children = (
				640A3B06260BC6C30017F26D /* AppDelegate.swift */,
				640A3B08260BC6C30017F26D /* SceneDelegate.swift */,
				640A3B0A260BC6C30017F26D /* ViewController.swift */,
				640A3B0C260BC6C30017F26D /* Main.storyboard */,
				640A3B0F260BC6C40017F26D /* Assets.xcassets */,
				640A3B11260BC6C40017F26D /* LaunchScreen.storyboard */,
				640A3B14260BC6C40017F26D /* Info.plist */,
			);
			path = Prework;
			sourceTree = "<group>";
		};
		640A3B1C260BC6C40017F26D /* PreworkTests */ = {
			isa = PBXGroup;
			children = (
				640A3B1D260BC6C40017F26D /* PreworkTests.swift */,
				640A3B1F260BC6C40017F26D /* Info.plist */,
			);
			path = PreworkTests;
			sourceTree = "<group>";
		};
		640A3B27260BC6C40017F26D /* PreworkUITests */ = {
			isa = PBXGroup;
			children = (
				640A3B28260BC6C40017F26D /* PreworkUITests.swift */,
				640A3B2A260BC6C40017F26D /* Info.plist */,
			);
			path = PreworkUITests;
			sourceTree = "<group>";
		};
/* End PBXGroup section */

/* Begin PBXNativeTarget section */
		640A3B02260BC6C30017F26D /* Prework */ = {
			isa = PBXNativeTarget;
			buildConfigurationList = 640A3B2D260BC6C40017F26D /* Build configuration list for PBXNativeTarget "Prework" */;
			buildPhases = (
				640A3AFF260BC6C30017F26D /* Sources */,
				640A3B00260BC6C30017F26D /* Frameworks */,
				640A3B01260BC6C30017F26D /* Resources */,
			);
			buildRules = (
			);
			dependencies = (
			);
			name = Prework;
			productName = Prework;
			productReference = 640A3B03260BC6C30017F26D /* Prework.app */;
			productType = "com.apple.product-type.application";
		};
		640A3B18260BC6C40017F26D /* PreworkTests */ = {
			isa = PBXNativeTarget;
			buildConfigurationList = 640A3B30260BC6C40017F26D /* Build configuration list for PBXNativeTarget "PreworkTests" */;
			buildPhases = (
				640A3B15260BC6C40017F26D /* Sources */,
				640A3B16260BC6C40017F26D /* Frameworks */,
				640A3B17260BC6C40017F26D /* Resources */,
			);
			buildRules = (
			);
			dependencies = (
				640A3B1B260BC6C40017F26D /* PBXTargetDependency */,
			);
			name = PreworkTests;
			productName = PreworkTests;
			productReference = 640A3B19260BC6C40017F26D /* PreworkTests.xctest */;
			productType = "com.apple.product-type.bundle.unit-test";
		};
		640A3B23260BC6C40017F26D /* PreworkUITests */ = {
			isa = PBXNativeTarget;
			buildConfigurationList = 640A3B33260BC6C40017F26D /* Build configuration list for PBXNativeTarget "PreworkUITests" */;
			buildPhases = (
				640A3B20260BC6C40017F26D /* Sources */,
				640A3B21260BC6C40017F26D /* Frameworks */,
				640A3B22260BC6C40017F26D /* Resources */,
			);
			buildRules = (
			);
			dependencies = (
				640A3B26260BC6C40017F26D /* PBXTargetDependency */,
			);
			name = PreworkUITests;
			productName = PreworkUITests;
			productReference = 640A3B24260BC6C40017F26D /* PreworkUITests.xctest */;
			productType = "com.apple.product-type.bundle.ui-testing";
		};
/* End PBXNativeTarget section */

/* Begin PBXProject section */
		640A3AFB260BC6C30017F26D /* Project object */ = {
			isa = PBXProject;
			attributes = {
				LastSwiftUpdateCheck = 1250;
				LastUpgradeCheck = 1250;
				TargetAttributes = {
					640A3B02260BC6C30017F26D = {
						CreatedOnToolsVersion = 12.5;
					};
					640A3B18260BC6C40017F26D = {
						CreatedOnToolsVersion = 12.5;
						TestTargetID = 640A3B02260BC6C30017F26D;
					};
					640A3B23260BC6C40017F26D = {
						CreatedOnToolsVersion = 12.5;
						TestTargetID = 640A3B02260BC6C30017F26D;
					};
				};
			};
			buildConfigurationList = 640A3AFE260BC6C30017F26D /* Build configuration list for PBXProject "Prework" */;
			compatibilityVersion = "Xcode 9.3";
			developmentRegion = en;
			hasScannedForEncodings = 0;
			knownRegions = (
				en,
				Base,
			);
			mainGroup = 640A3AFA260BC6C30017F26D;
			productRefGroup = 640A3B04260BC6C30017F26D /* Products */;
			projectDirPath = "";
			projectRoot = "";
			targets = (
				640A3B02260BC6C30017F26D /* Prework */,
				640A3B18260BC6C40017F26D /* PreworkTests */,
				640A3B23260BC6C40017F26D /* PreworkUITests */,
			);
		};
/* End PBXProject section */

/* Begin PBXResourcesBuildPhase section */
		640A3B01260BC6C30017F26D /* Resources */ = {
			isa = PBXResourcesBuildPhase;
			buildActionMask = 2147483647;
			files = (
				640A3B13260BC6C40017F26D /* LaunchScreen.storyboard in Resources */,
				640A3B10260BC6C40017F26D /* Assets.xcassets in Resources */,
				640A3B0E260BC6C30017F26D /* Main.storyboard in Resources */,
			);
			runOnlyForDeploymentPostprocessing = 0;
		};
		640A3B17260BC6C40017F26D /* Resources */ = {
			isa = PBXResourcesBuildPhase;
			buildActionMask = 2147483647;
			files = (
			);
			runOnlyForDeploymentPostprocessing = 0;
		};
		640A3B22260BC6C40017F26D /* Resources */ = {
			isa = PBXResourcesBuildPhase;
			buildActionMask = 2147483647;
			files = (
			);
			runOnlyForDeploymentPostprocessing = 0;
		};
/* End PBXResourcesBuildPhase section */

/* Begin PBXSourcesBuildPhase section */
		640A3AFF260BC6C30017F26D /* Sources */ = {
			isa = PBXSourcesBuildPhase;
			buildActionMask = 2147483647;
			files = (
				640A3B0B260BC6C30017F26D /* ViewController.swift in Sources */,
				640A3B07260BC6C30017F26D /* AppDelegate.swift in Sources */,
				640A3B09260BC6C30017F26D /* SceneDelegate.swift in Sources */,
			);
			runOnlyForDeploymentPostprocessing = 0;
		};
		640A3B15260BC6C40017F26D /* Sources */ = {
			isa = PBXSourcesBuildPhase;
			buildActionMask = 2147483647;
			files = (
				640A3B1E260BC6C40017F26D /* PreworkTests.swift in Sources */,
			);
			runOnlyForDeploymentPostprocessing = 0;
		};
		640A3B20260BC6C40017F26D /* Sources */ = {
			isa = PBXSourcesBuildPhase;
			buildActionMask = 2147483647;
			files = (
				640A3B29260BC6C40017F26D /* PreworkUITests.swift in Sources */,
			);
			runOnlyForDeploymentPostprocessing = 0;
		};
/* End PBXSourcesBuildPhase section */

/* Begin PBXTargetDependency section */
		640A3B1B260BC6C40017F26D /* PBXTargetDependency */ = {
			isa = PBXTargetDependency;
			target = 640A3B02260BC6C30017F26D /* Prework */;
			targetProxy = 640A3B1A260BC6C40017F26D /* PBXContainerItemProxy */;
		};
		640A3B26260BC6C40017F26D /* PBXTargetDependency */ = {
			isa = PBXTargetDependency;
			target = 640A3B02260BC6C30017F26D /* Prework */;
			targetProxy = 640A3B25260BC6C40017F26D /* PBXContainerItemProxy */;
		};
/* End PBXTargetDependency section */

/* Begin PBXVariantGroup section */
		640A3B0C260BC6C30017F26D /* Main.storyboard */ = {
			isa = PBXVariantGroup;
			children = (
				640A3B0D260BC6C30017F26D /* Base */,
			);
			name = Main.storyboard;
			sourceTree = "<group>";
		};
		640A3B11260BC6C40017F26D /* LaunchScreen.storyboard */ = {
			isa = PBXVariantGroup;
			children = (
				640A3B12260BC6C40017F26D /* Base */,
			);
			name = LaunchScreen.storyboard;
			sourceTree = "<group>";
		};
/* End PBXVariantGroup section */

/* Begin XCBuildConfiguration section */
		640A3B2B260BC6C40017F26D /* Debug */ = {
			isa = XCBuildConfiguration;
			buildSettings = {
				ALWAYS_SEARCH_USER_PATHS = NO;
				CLANG_ANALYZER_NONNULL = YES;
				CLANG_ANALYZER_NUMBER_OBJECT_CONVERSION = YES_AGGRESSIVE;
				CLANG_CXX_LANGUAGE_STANDARD = "gnu++14";
				CLANG_CXX_LIBRARY = "libc++";
				CLANG_ENABLE_MODULES = YES;
				CLANG_ENABLE_OBJC_ARC = YES;
				CLANG_ENABLE_OBJC_WEAK = YES;
				CLANG_WARN_BLOCK_CAPTURE_AUTORELEASING = YES;
				CLANG_WARN_BOOL_CONVERSION = YES;
				CLANG_WARN_COMMA = YES;
				CLANG_WARN_CONSTANT_CONVERSION = YES;
				CLANG_WARN_DEPRECATED_OBJC_IMPLEMENTATIONS = YES;
				CLANG_WARN_DIRECT_OBJC_ISA_USAGE = YES_ERROR;
				CLANG_WARN_DOCUMENTATION_COMMENTS = YES;
				CLANG_WARN_EMPTY_BODY = YES;
				CLANG_WARN_ENUM_CONVERSION = YES;
				CLANG_WARN_INFINITE_RECURSION = YES;
				CLANG_WARN_INT_CONVERSION = YES;
				CLANG_WARN_NON_LITERAL_NULL_CONVERSION = YES;
				CLANG_WARN_OBJC_IMPLICIT_RETAIN_SELF = YES;
				CLANG_WARN_OBJC_LITERAL_CONVERSION = YES;
				CLANG_WARN_OBJC_ROOT_CLASS = YES_ERROR;
				CLANG_WARN_QUOTED_INCLUDE_IN_FRAMEWORK_HEADER = YES;
				CLANG_WARN_RANGE_LOOP_ANALYSIS = YES;
				CLANG_WARN_STRICT_PROTOTYPES = YES;
				CLANG_WARN_SUSPICIOUS_MOVE = YES;
				CLANG_WARN_UNGUARDED_AVAILABILITY = YES_AGGRESSIVE;
				CLANG_WARN_UNREACHABLE_CODE = YES;
				CLANG_WARN__DUPLICATE_METHOD_MATCH = YES;
				COPY_PHASE_STRIP = NO;
				DEBUG_INFORMATION_FORMAT = dwarf;
				ENABLE_STRICT_OBJC_MSGSEND = YES;
				ENABLE_TESTABILITY = YES;
				GCC_C_LANGUAGE_STANDARD = gnu11;
				GCC_DYNAMIC_NO_PIC = NO;
				GCC_NO_COMMON_BLOCKS = YES;
				GCC_OPTIMIZATION_LEVEL = 0;
				GCC_PREPROCESSOR_DEFINITIONS = (
					"DEBUG=1",
					"$(inherited)",
				);
				GCC_WARN_64_TO_32_BIT_CONVERSION = YES;
				GCC_WARN_ABOUT_RETURN_TYPE = YES_ERROR;
				GCC_WARN_UNDECLARED_SELECTOR = YES;
				GCC_WARN_UNINITIALIZED_AUTOS = YES_AGGRESSIVE;
				GCC_WARN_UNUSED_FUNCTION = YES;
				GCC_WARN_UNUSED_VARIABLE = YES;
				IPHONEOS_DEPLOYMENT_TARGET = 14.5;
				MTL_ENABLE_DEBUG_INFO = INCLUDE_SOURCE;
				MTL_FAST_MATH = YES;
				ONLY_ACTIVE_ARCH = YES;
				SDKROOT = iphoneos;
				SWIFT_ACTIVE_COMPILATION_CONDITIONS = DEBUG;
				SWIFT_OPTIMIZATION_LEVEL = "-Onone";
			};
			name = Debug;
		};
		640A3B2C260BC6C40017F26D /* Release */ = {
			isa = XCBuildConfiguration;
			buildSettings = {
				ALWAYS_SEARCH_USER_PATHS = NO;
				CLANG_ANALYZER_NONNULL = YES;
				CLANG_ANALYZER_NUMBER_OBJECT_CONVERSION = YES_AGGRESSIVE;
				CLANG_CXX_LANGUAGE_STANDARD = "gnu++14";
				CLANG_CXX_LIBRARY = "libc++";
				CLANG_ENABLE_MODULES = YES;
				CLANG_ENABLE_OBJC_ARC = YES;
				CLANG_ENABLE_OBJC_WEAK = YES;
				CLANG_WARN_BLOCK_CAPTURE_AUTORELEASING = YES;
				CLANG_WARN_BOOL_CONVERSION = YES;
				CLANG_WARN_COMMA = YES;
				CLANG_WARN_CONSTANT_CONVERSION = YES;
				CLANG_WARN_DEPRECATED_OBJC_IMPLEMENTATIONS = YES;
				CLANG_WARN_DIRECT_OBJC_ISA_USAGE = YES_ERROR;
				CLANG_WARN_DOCUMENTATION_COMMENTS = YES;
				CLANG_WARN_EMPTY_BODY = YES;
				CLANG_WARN_ENUM_CONVERSION = YES;
				CLANG_WARN_INFINITE_RECURSION = YES;
				CLANG_WARN_INT_CONVERSION = YES;
				CLANG_WARN_NON_LITERAL_NULL_CONVERSION = YES;
				CLANG_WARN_OBJC_IMPLICIT_RETAIN_SELF = YES;
				CLANG_WARN_OBJC_LITERAL_CONVERSION = YES;
				CLANG_WARN_OBJC_ROOT_CLASS = YES_ERROR;
				CLANG_WARN_QUOTED_INCLUDE_IN_FRAMEWORK_HEADER = YES;
				CLANG_WARN_RANGE_LOOP_ANALYSIS = YES;
				CLANG_WARN_STRICT_PROTOTYPES = YES;
				CLANG_WARN_SUSPICIOUS_MOVE = YES;
				CLANG_WARN_UNGUARDED_AVAILABILITY = YES_AGGRESSIVE;
				CLANG_WARN_UNREACHABLE_CODE = YES;
				CLANG_WARN__DUPLICATE_METHOD_MATCH = YES;
				COPY_PHASE_STRIP = NO;
				DEBUG_INFORMATION_FORMAT = "dwarf-with-dsym";
				ENABLE_NS_ASSERTIONS = NO;
				ENABLE_STRICT_OBJC_MSGSEND = YES;
				GCC_C_LANGUAGE_STANDARD = gnu11;
				GCC_NO_COMMON_BLOCKS = YES;
				GCC_WARN_64_TO_32_BIT_CONVERSION = YES;
				GCC_WARN_ABOUT_RETURN_TYPE = YES_ERROR;
				GCC_WARN_UNDECLARED_SELECTOR = YES;
				GCC_WARN_UNINITIALIZED_AUTOS = YES_AGGRESSIVE;
				GCC_WARN_UNUSED_FUNCTION = YES;
				GCC_WARN_UNUSED_VARIABLE = YES;
				IPHONEOS_DEPLOYMENT_TARGET = 14.5;
				MTL_ENABLE_DEBUG_INFO = NO;
				MTL_FAST_MATH = YES;
				SDKROOT = iphoneos;
				SWIFT_COMPILATION_MODE = wholemodule;
				SWIFT_OPTIMIZATION_LEVEL = "-O";
				VALIDATE_PRODUCT = YES;
			};
			name = Release;
		};
		640A3B2E260BC6C40017F26D /* Debug */ = {
			isa = XCBuildConfiguration;
			buildSettings = {
				ASSETCATALOG_COMPILER_APPICON_NAME = AppIcon;
				ASSETCATALOG_COMPILER_GLOBAL_ACCENT_COLOR_NAME = AccentColor;
				CODE_SIGN_STYLE = Automatic;
				DEVELOPMENT_TEAM = LXKHQ2U4D4;
				INFOPLIST_FILE = Prework/Info.plist;
				LD_RUNPATH_SEARCH_PATHS = (
					"$(inherited)",
					"@executable_path/Frameworks",
				);
				PRODUCT_BUNDLE_IDENTIFIER = memo.com.Prework;
				PRODUCT_NAME = "$(TARGET_NAME)";
				SWIFT_VERSION = 5.0;
				TARGETED_DEVICE_FAMILY = "1,2";
			};
			name = Debug;
		};
		640A3B2F260BC6C40017F26D /* Release */ = {
			isa = XCBuildConfiguration;
			buildSettings = {
				ASSETCATALOG_COMPILER_APPICON_NAME = AppIcon;
				ASSETCATALOG_COMPILER_GLOBAL_ACCENT_COLOR_NAME = AccentColor;
				CODE_SIGN_STYLE = Automatic;
				DEVELOPMENT_TEAM = LXKHQ2U4D4;
				INFOPLIST_FILE = Prework/Info.plist;
				LD_RUNPATH_SEARCH_PATHS = (
					"$(inherited)",
					"@executable_path/Frameworks",
				);
				PRODUCT_BUNDLE_IDENTIFIER = memo.com.Prework;
				PRODUCT_NAME = "$(TARGET_NAME)";
				SWIFT_VERSION = 5.0;
				TARGETED_DEVICE_FAMILY = "1,2";
			};
			name = Release;
		};
		640A3B31260BC6C40017F26D /* Debug */ = {
			isa = XCBuildConfiguration;
			buildSettings = {
				ALWAYS_EMBED_SWIFT_STANDARD_LIBRARIES = YES;
				BUNDLE_LOADER = "$(TEST_HOST)";
				CODE_SIGN_STYLE = Automatic;
				DEVELOPMENT_TEAM = LXKHQ2U4D4;
				INFOPLIST_FILE = PreworkTests/Info.plist;
				IPHONEOS_DEPLOYMENT_TARGET = 14.5;
				LD_RUNPATH_SEARCH_PATHS = (
					"$(inherited)",
					"@executable_path/Frameworks",
					"@loader_path/Frameworks",
				);
				PRODUCT_BUNDLE_IDENTIFIER = memo.com.PreworkTests;
				PRODUCT_NAME = "$(TARGET_NAME)";
				SWIFT_VERSION = 5.0;
				TARGETED_DEVICE_FAMILY = "1,2";
				TEST_HOST = "$(BUILT_PRODUCTS_DIR)/Prework.app/Prework";
			};
			name = Debug;
		};
		640A3B32260BC6C40017F26D /* Release */ = {
			isa = XCBuildConfiguration;
			buildSettings = {
				ALWAYS_EMBED_SWIFT_STANDARD_LIBRARIES = YES;
				BUNDLE_LOADER = "$(TEST_HOST)";
				CODE_SIGN_STYLE = Automatic;
				DEVELOPMENT_TEAM = LXKHQ2U4D4;
				INFOPLIST_FILE = PreworkTests/Info.plist;
				IPHONEOS_DEPLOYMENT_TARGET = 14.5;
				LD_RUNPATH_SEARCH_PATHS = (
					"$(inherited)",
					"@executable_path/Frameworks",
					"@loader_path/Frameworks",
				);
				PRODUCT_BUNDLE_IDENTIFIER = memo.com.PreworkTests;
				PRODUCT_NAME = "$(TARGET_NAME)";
				SWIFT_VERSION = 5.0;
				TARGETED_DEVICE_FAMILY = "1,2";
				TEST_HOST = "$(BUILT_PRODUCTS_DIR)/Prework.app/Prework";
			};
			name = Release;
		};
		640A3B34260BC6C40017F26D /* Debug */ = {
			isa = XCBuildConfiguration;
			buildSettings = {
				ALWAYS_EMBED_SWIFT_STANDARD_LIBRARIES = YES;
				CODE_SIGN_STYLE = Automatic;
				DEVELOPMENT_TEAM = LXKHQ2U4D4;
				INFOPLIST_FILE = PreworkUITests/Info.plist;
				LD_RUNPATH_SEARCH_PATHS = (
					"$(inherited)",
					"@executable_path/Frameworks",
					"@loader_path/Frameworks",
				);
				PRODUCT_BUNDLE_IDENTIFIER = memo.com.PreworkUITests;
				PRODUCT_NAME = "$(TARGET_NAME)";
				SWIFT_VERSION = 5.0;
				TARGETED_DEVICE_FAMILY = "1,2";
				TEST_TARGET_NAME = Prework;
			};
			name = Debug;
		};
		640A3B35260BC6C40017F26D /* Release */ = {
			isa = XCBuildConfiguration;
			buildSettings = {
				ALWAYS_EMBED_SWIFT_STANDARD_LIBRARIES = YES;
				CODE_SIGN_STYLE = Automatic;
				DEVELOPMENT_TEAM = LXKHQ2U4D4;
				INFOPLIST_FILE = PreworkUITests/Info.plist;
				LD_RUNPATH_SEARCH_PATHS = (
					"$(inherited)",
					"@executable_path/Frameworks",
					"@loader_path/Frameworks",
				);
				PRODUCT_BUNDLE_IDENTIFIER = memo.com.PreworkUITests;
				PRODUCT_NAME = "$(TARGET_NAME)";
				SWIFT_VERSION = 5.0;
				TARGETED_DEVICE_FAMILY = "1,2";
				TEST_TARGET_NAME = Prework;
			};
			name = Release;
		};
/* End XCBuildConfiguration section */

/* Begin XCConfigurationList section */
		640A3AFE260BC6C30017F26D /* Build configuration list for PBXProject "Prework" */ = {
			isa = XCConfigurationList;
			buildConfigurations = (
				640A3B2B260BC6C40017F26D /* Debug */,
				640A3B2C260BC6C40017F26D /* Release */,
			);
			defaultConfigurationIsVisible = 0;
			defaultConfigurationName = Release;
		};
		640A3B2D260BC6C40017F26D /* Build configuration list for PBXNativeTarget "Prework" */ = {
			isa = XCConfigurationList;
			buildConfigurations = (
				640A3B2E260BC6C40017F26D /* Debug */,
				640A3B2F260BC6C40017F26D /* Release */,
			);
			defaultConfigurationIsVisible = 0;
			defaultConfigurationName = Release;
		};
		640A3B30260BC6C40017F26D /* Build configuration list for PBXNativeTarget "PreworkTests" */ = {
			isa = XCConfigurationList;
			buildConfigurations = (
				640A3B31260BC6C40017F26D /* Debug */,
				640A3B32260BC6C40017F26D /* Release */,
			);
			defaultConfigurationIsVisible = 0;
			defaultConfigurationName = Release;
		};
		640A3B33260BC6C40017F26D /* Build configuration list for PBXNativeTarget "PreworkUITests" */ = {
			isa = XCConfigurationList;
			buildConfigurations = (
				640A3B34260BC6C40017F26D /* Debug */,
				640A3B35260BC6C40017F26D /* Release */,
			);
			defaultConfigurationIsVisible = 0;
			defaultConfigurationName = Release;
		};
/* End XCConfigurationList section */
	};
	rootObject = 640A3AFB260BC6C30017F26D /* Project object */;
}
